{
  "nodes": {
    "kohaku-hub": {
      "flake": false,
      "locked": {
        "lastModified": 1778271251,
        "narHash": "sha256-KW/EHLaumnlL+LtnY7wZIO2zwJLCmNwSm9cWOvjCcQ0=",
        "owner": "KohakuBlueleaf",
        "repo": "KohakuHub",
        "rev": "2facb54b71b987ff11bae1083fa395703676632c",
        "type": "github"
      },
      "original": {
        "owner": "KohakuBlueleaf",
        "repo": "KohakuHub",
        "type": "github"
      }
    },
    "nixpkgs": {
      "locked": {
        "lastModified": 1787360063,
        "narHash": "sha256-dt4WdcvsA8/RCe+VZZwqU0X+XMM3wBbGCWA0/sFWzGo=",
        "owner": "nixos",
        "repo": "nixpkgs",
        "rev": "2c423e03bbafcff28bfadc6781a4a8257f205cb5",
        "type": "github"
      },
      "original": {
        "owner": "nixos",
        "ref": "nixos-unstable",
        "repo": "nixpkgs",
        "type": "github"
      }
    },
    "root": {
      "inputs": {
        "kohaku-hub": "kohaku-hub",
        "nixpkgs": "nixpkgs"
      }
    }
  },
  "root": "root",
  "version": 7
}
